// !$*UTF8*$!
{
	archiveVersion = 1;
	classes = {
	};
	objectVersion = 46;
	objects = {

/* Begin PBXBuildFile section */
		C638E38D1C4ED65E004CA3DF /* AppDelegate.swift in Sources */ = {isa = PBXBuildFile; fileRef = C638E38C1C4ED65E004CA3DF /* AppDelegate.swift */; };
		C638E38F1C4ED65E004CA3DF /* ViewController.swift in Sources */ = {isa = PBXBuildFile; fileRef = C638E38E1C4ED65E004CA3DF /* ViewController.swift */; };
		C638E3921C4ED65E004CA3DF /* Main.storyboard in Resources */ = {isa = PBXBuildFile; fileRef = C638E3901C4ED65E004CA3DF /* Main.storyboard */; };
		C638E3951C4ED65E004CA3DF /* Pokedex_by_mikes_concepts.xcdatamodeld in Sources */ = {isa = PBXBuildFile; fileRef = C638E3931C4ED65E004CA3DF /* Pokedex_by_mikes_concepts.xcdatamodeld */; };
		C638E3971C4ED65E004CA3DF /* Assets.xcassets in Resources */ = {isa = PBXBuildFile; fileRef = C638E3961C4ED65E004CA3DF /* Assets.xcassets */; };
		C638E39A1C4ED65E004CA3DF /* LaunchScreen.storyboard in Resources */ = {isa = PBXBuildFile; fileRef = C638E3981C4ED65E004CA3DF /* LaunchScreen.storyboard */; };
		C638E3A21C4ED94B004CA3DF /* pokemon.csv in Resources */ = {isa = PBXBuildFile; fileRef = C638E3A11C4ED94B004CA3DF /* pokemon.csv */; };
/* End PBXBuildFile section */

/* Begin PBXFileReference section */
		C638E3891C4ED65E004CA3DF /* Pokedex-by-mikes-concepts.app */ = {isa = PBXFileReference; explicitFileType = wrapper.application; includeInIndex = 0; path = "Pokedex-by-mikes-concepts.app"; sourceTree = BUILT_PRODUCTS_DIR; };
		C638E38C1C4ED65E004CA3DF /* AppDelegate.swift */ = {isa = PBXFileReference; lastKnownFileType = sourcecode.swift; path = AppDelegate.swift; sourceTree = "<group>"; };
		C638E38E1C4ED65E004CA3DF /* ViewController.swift */ = {isa = PBXFileReference; lastKnownFileType = sourcecode.swift; path = ViewController.swift; sourceTree = "<group>"; };
		C638E3911C4ED65E004CA3DF /* Base */ = {isa = PBXFileReference; lastKnownFileType = file.storyboard; name = Base; path = Base.lproj/Main.storyboard; sourceTree = "<group>"; };
		C638E3941C4ED65E004CA3DF /* Pokedex_by_mikes_concepts.xcdatamodel */ = {isa = PBXFileReference; lastKnownFileType = wrapper.xcdatamodel; path = Pokedex_by_mikes_concepts.xcdatamodel; sourceTree = "<group>"; };
		C638E3961C4ED65E004CA3DF /* Assets.xcassets */ = {isa = PBXFileReference; lastKnownFileType = folder.assetcatalog; path = Assets.xcassets; sourceTree = "<group>"; };
		C638E3991C4ED65E004CA3DF /* Base */ = {isa = PBXFileReference; lastKnownFileType = file.storyboard; name = Base; path = Base.lproj/LaunchScreen.storyboard; sourceTree = "<group>"; };
		C638E39B1C4ED65E004CA3DF /* Info.plist */ = {isa = PBXFileReference; lastKnownFileType = text.plist.xml; path = Info.plist; sourceTree = "<group>"; };
		C638E3A11C4ED94B004CA3DF /* pokemon.csv */ = {isa = PBXFileReference; fileEncoding = 4; lastKnownFileType = text; path = pokemon.csv; sourceTree = "<group>"; };
/* End PBXFileReference section */

/* Begin PBXFrameworksBuildPhase section */
		C638E3861C4ED65E004CA3DF /* Frameworks */ = {
			isa = PBXFrameworksBuildPhase;
			buildActionMask = 2147483647;
			files = (
			);
			runOnlyForDeploymentPostprocessing = 0;
		};
/* End PBXFrameworksBuildPhase section */

/* Begin PBXGroup section */
		C638E3801C4ED65D004CA3DF = {
			isa = PBXGroup;
			children = (
				C638E38B1C4ED65E004CA3DF /* Pokedex-by-mikes-concepts */,
				C638E38A1C4ED65E004CA3DF /* Products */,
			);
			sourceTree = "<group>";
		};
		C638E38A1C4ED65E004CA3DF /* Products */ = {
			isa = PBXGroup;
			children = (
				C638E3891C4ED65E004CA3DF /* Pokedex-by-mikes-concepts.app */,
			);
			name = Products;
			sourceTree = "<group>";
		};
		C638E38B1C4ED65E004CA3DF /* Pokedex-by-mikes-concepts */ = {
			isa = PBXGroup;
			children = (
				C638E38C1C4ED65E004CA3DF /* AppDelegate.swift */,
				C638E38E1C4ED65E004CA3DF /* ViewController.swift */,
				C638E3901C4ED65E004CA3DF /* Main.storyboard */,
				C638E3A11C4ED94B004CA3DF /* pokemon.csv */,
				C638E3961C4ED65E004CA3DF /* Assets.xcassets */,
				C638E3981C4ED65E004CA3DF /* LaunchScreen.storyboard */,
				C638E39B1C4ED65E004CA3DF /* Info.plist */,
				C638E3931C4ED65E004CA3DF /* Pokedex_by_mikes_concepts.xcdatamodeld */,
			);
			path = "Pokedex-by-mikes-concepts";
			sourceTree = "<group>";
		};
/* End PBXGroup section */

/* Begin PBXNativeTarget section */
		C638E3881C4ED65E004CA3DF /* Pokedex-by-mikes-concepts */ = {
			isa = PBXNativeTarget;
			buildConfigurationList = C638E39E1C4ED65E004CA3DF /* Build configuration list for PBXNativeTarget "Pokedex-by-mikes-concepts" */;
			buildPhases = (
				C638E3851C4ED65E004CA3DF /* Sources */,
				C638E3861C4ED65E004CA3DF /* Frameworks */,
				C638E3871C4ED65E004CA3DF /* Resources */,
			);
			buildRules = (
			);
			dependencies = (
			);
			name = "Pokedex-by-mikes-concepts";
			productName = "Pokedex-by-mikes-concepts";
			productReference = C638E3891C4ED65E004CA3DF /* Pokedex-by-mikes-concepts.app */;
			productType = "com.apple.product-type.application";
		};
/* End PBXNativeTarget section */

/* Begin PBXProject section */
		C638E3811C4ED65D004CA3DF /* Project object */ = {
			isa = PBXProject;
			attributes = {
				LastSwiftUpdateCheck = 0720;
				LastUpgradeCheck = 0720;
				ORGANIZATIONNAME = mikesconcepts;
				TargetAttributes = {
					C638E3881C4ED65E004CA3DF = {
						CreatedOnToolsVersion = 7.2;
					};
				};
			};
			buildConfigurationList = C638E3841C4ED65D004CA3DF /* Build configuration list for PBXProject "Pokedex-by-mikes-concepts" */;
			compatibilityVersion = "Xcode 3.2";
			developmentRegion = English;
			hasScannedForEncodings = 0;
			knownRegions = (
				en,
				Base,
			);
			mainGroup = C638E3801C4ED65D004CA3DF;
			productRefGroup = C638E38A1C4ED65E004CA3DF /* Products */;
			projectDirPath = "";
			projectRoot = "";
			targets = (
				C638E3881C4ED65E004CA3DF /* Pokedex-by-mikes-concepts */,
			);
		};
/* End PBXProject section */

/* Begin PBXResourcesBuildPhase section */
		C638E3871C4ED65E004CA3DF /* Resources */ = {
			isa = PBXResourcesBuildPhase;
			buildActionMask = 2147483647;
			files = (
				C638E39A1C4ED65E004CA3DF /* LaunchScreen.storyboard in Resources */,
				C638E3971C4ED65E004CA3DF /* Assets.xcassets in Resources */,
				C638E3A21C4ED94B004CA3DF /* pokemon.csv in Resources */,
				C638E3921C4ED65E004CA3DF /* Main.storyboard in Resources */,
			);
			runOnlyForDeploymentPostprocessing = 0;
		};
/* End PBXResourcesBuildPhase section */

/* Begin PBXSourcesBuildPhase section */
		C638E3851C4ED65E004CA3DF /* Sources */ = {
			isa = PBXSourcesBuildPhase;
			buildActionMask = 2147483647;
			files = (
				C638E38F1C4ED65E004CA3DF /* ViewController.swift in Sources */,
				C638E3951C4ED65E004CA3DF /* Pokedex_by_mikes_concepts.xcdatamodeld in Sources */,
				C638E38D1C4ED65E004CA3DF /* AppDelegate.swift in Sources */,
			);
			runOnlyForDeploymentPostprocessing = 0;
		};
/* End PBXSourcesBuildPhase section */

/* Begin PBXVariantGroup section */
		C638E3901C4ED65E004CA3DF /* Main.storyboard */ = {
			isa = PBXVariantGroup;
			children = (
				C638E3911C4ED65E004CA3DF /* Base */,
			);
			name = Main.storyboard;
			sourceTree = "<group>";
		};
		C638E3981C4ED65E004CA3DF /* LaunchScreen.storyboard */ = {
			isa = PBXVariantGroup;
			children = (
				C638E3991C4ED65E004CA3DF /* Base */,
			);
			name = LaunchScreen.storyboard;
			sourceTree = "<group>";
		};
/* End PBXVariantGroup section */

/* Begin XCBuildConfiguration section */
		C638E39C1C4ED65E004CA3DF /* Debug */ = {
			isa = XCBuildConfiguration;
			buildSettings = {
				ALWAYS_SEARCH_USER_PATHS = NO;
				CLANG_CXX_LANGUAGE_STANDARD = "gnu++0x";
				CLANG_CXX_LIBRARY = "libc++";
				CLANG_ENABLE_MODULES = YES;
				CLANG_ENABLE_OBJC_ARC = YES;
				CLANG_WARN_BOOL_CONVERSION = YES;
				CLANG_WARN_CONSTANT_CONVERSION = YES;
				CLANG_WARN_DIRECT_OBJC_ISA_USAGE = YES_ERROR;
				CLANG_WARN_EMPTY_BODY = YES;
				CLANG_WARN_ENUM_CONVERSION = YES;
				CLANG_WARN_INT_CONVERSION = YES;
				CLANG_WARN_OBJC_ROOT_CLASS = YES_ERROR;
				CLANG_WARN_UNREACHABLE_CODE = YES;
				CLANG_WARN__DUPLICATE_METHOD_MATCH = YES;
				"CODE_SIGN_IDENTITY[sdk=iphoneos*]" = "iPhone Developer";
				COPY_PHASE_STRIP = NO;
				DEBUG_INFORMATION_FORMAT = dwarf;
				ENABLE_STRICT_OBJC_MSGSEND = YES;
				ENABLE_TESTABILITY = YES;
				GCC_C_LANGUAGE_STANDARD = gnu99;
				GCC_DYNAMIC_NO_PIC = NO;
				GCC_NO_COMMON_BLOCKS = YES;
				GCC_OPTIMIZATION_LEVEL = 0;
				GCC_PREPROCESSOR_DEFINITIONS = (
					"DEBUG=1",
					"$(inherited)",
				);
				GCC_WARN_64_TO_32_BIT_CONVERSION = YES;
				GCC_WARN_ABOUT_RETURN_TYPE = YES_ERROR;
				GCC_WARN_UNDECLARED_SELECTOR = YES;
				GCC_WARN_UNINITIALIZED_AUTOS = YES_AGGRESSIVE;
				GCC_WARN_UNUSED_FUNCTION = YES;
				GCC_WARN_UNUSED_VARIABLE = YES;
				IPHONEOS_DEPLOYMENT_TARGET = 9.2;
				MTL_ENABLE_DEBUG_INFO = YES;
				ONLY_ACTIVE_ARCH = YES;
				SDKROOT = iphoneos;
				SWIFT_OPTIMIZATION_LEVEL = "-Onone";
				TARGETED_DEVICE_FAMILY = "1,2";
			};
			name = Debug;
		};
		C638E39D1C4ED65E004CA3DF /* Release */ = {
			isa = XCBuildConfiguration;
			buildSettings = {
				ALWAYS_SEARCH_USER_PATHS = NO;
				CLANG_CXX_LANGUAGE_STANDARD = "gnu++0x";
				CLANG_CXX_LIBRARY = "libc++";
				CLANG_ENABLE_MODULES = YES;
				CLANG_ENABLE_OBJC_ARC = YES;
				CLANG_WARN_BOOL_CONVERSION = YES;
				CLANG_WARN_CONSTANT_CONVERSION = YES;
				CLANG_WARN_DIRECT_OBJC_ISA_USAGE = YES_ERROR;
				CLANG_WARN_EMPTY_BODY = YES;
				CLANG_WARN_ENUM_CONVERSION = YES;
				CLANG_WARN_INT_CONVERSION = YES;
				CLANG_WARN_OBJC_ROOT_CLASS = YES_ERROR;
				CLANG_WARN_UNREACHABLE_CODE = YES;
				CLANG_WARN__DUPLICATE_METHOD_MATCH = YES;
				"CODE_SIGN_IDENTITY[sdk=iphoneos*]" = "iPhone Developer";
				COPY_PHASE_STRIP = NO;
				DEBUG_INFORMATION_FORMAT = "dwarf-with-dsym";
				ENABLE_NS_ASSERTIONS = NO;
				ENABLE_STRICT_OBJC_MSGSEND = YES;
				GCC_C_LANGUAGE_STANDARD = gnu99;
				GCC_NO_COMMON_BLOCKS = YES;
				GCC_WARN_64_TO_32_BIT_CONVERSION = YES;
				GCC_WARN_ABOUT_RETURN_TYPE = YES_ERROR;
				GCC_WARN_UNDECLARED_SELECTOR = YES;
				GCC_WARN_UNINITIALIZED_AUTOS = YES_AGGRESSIVE;
				GCC_WARN_UNUSED_FUNCTION = YES;
				GCC_WARN_UNUSED_VARIABLE = YES;
				IPHONEOS_DEPLOYMENT_TARGET = 9.2;
				MTL_ENABLE_DEBUG_INFO = NO;
				SDKROOT = iphoneos;
				TARGETED_DEVICE_FAMILY = "1,2";
				VALIDATE_PRODUCT = YES;
			};
			name = Release;
		};
		C638E39F1C4ED65E004CA3DF /* Debug */ = {
			isa = XCBuildConfiguration;
			buildSettings = {
				ASSETCATALOG_COMPILER_APPICON_NAME = AppIcon;
				INFOPLIST_FILE = "Pokedex-by-mikes-concepts/Info.plist";
				LD_RUNPATH_SEARCH_PATHS = "$(inherited) @executable_path/Frameworks";
				PRODUCT_BUNDLE_IDENTIFIER = "com.mikesconcepts.Pokedex-by-mikes-concepts";
				PRODUCT_NAME = "$(TARGET_NAME)";
			};
			name = Debug;
		};
		C638E3A01C4ED65E004CA3DF /* Release */ = {
			isa = XCBuildConfiguration;
			buildSettings = {
				ASSETCATALOG_COMPILER_APPICON_NAME = AppIcon;
				INFOPLIST_FILE = "Pokedex-by-mikes-concepts/Info.plist";
				LD_RUNPATH_SEARCH_PATHS = "$(inherited) @executable_path/Frameworks";
				PRODUCT_BUNDLE_IDENTIFIER = "com.mikesconcepts.Pokedex-by-mikes-concepts";
				PRODUCT_NAME = "$(TARGET_NAME)";
			};
			name = Release;
		};
/* End XCBuildConfiguration section */

/* Begin XCConfigurationList section */
		C638E3841C4ED65D004CA3DF /* Build configuration list for PBXProject "Pokedex-by-mikes-concepts" */ = {
			isa = XCConfigurationList;
			buildConfigurations = (
				C638E39C1C4ED65E004CA3DF /* Debug */,
				C638E39D1C4ED65E004CA3DF /* Release */,
			);
			defaultConfigurationIsVisible = 0;
			defaultConfigurationName = Release;
		};
		C638E39E1C4ED65E004CA3DF /* Build configuration list for PBXNativeTarget "Pokedex-by-mikes-concepts" */ = {
			isa = XCConfigurationList;
			buildConfigurations = (
				C638E39F1C4ED65E004CA3DF /* Debug */,
				C638E3A01C4ED65E004CA3DF /* Release */,
			);
			defaultConfigurationIsVisible = 0;
		};
/* End XCConfigurationList section */

/* Begin XCVersionGroup section */
		C638E3931C4ED65E004CA3DF /* Pokedex_by_mikes_concepts.xcdatamodeld */ = {
			isa = XCVersionGroup;
			children = (
				C638E3941C4ED65E004CA3DF /* Pokedex_by_mikes_concepts.xcdatamodel */,
			);
			currentVersion = C638E3941C4ED65E004CA3DF /* Pokedex_by_mikes_concepts.xcdatamodel */;
			path = Pokedex_by_mikes_concepts.xcdatamodeld;
			sourceTree = "<group>";
			versionGroupType = wrapper.xcdatamodel;
		};
/* End XCVersionGroup section */
	};
	rootObject = C638E3811C4ED65D004CA3DF /* Project object */;
}
